// !$*UTF8*$!
{
	archiveVersion = 1;
	classes = {
	};
	objectVersion = 55;
	objects = {

/* Begin PBXBuildFile section */
		9572CEDA27B23344007075B3 /* AppDelegate.swift in Sources */ = {isa = PBXBuildFile; fileRef = 9572CED927B23344007075B3 /* AppDelegate.swift */; };
		9572CEDC27B23344007075B3 /* SceneDelegate.swift in Sources */ = {isa = PBXBuildFile; fileRef = 9572CEDB27B23344007075B3 /* SceneDelegate.swift */; };
		9572CEDE27B23344007075B3 /* TaxCalcViewController.swift in Sources */ = {isa = PBXBuildFile; fileRef = 9572CEDD27B23344007075B3 /* TaxCalcViewController.swift */; };
		9572CEE127B23344007075B3 /* Main.storyboard in Resources */ = {isa = PBXBuildFile; fileRef = 9572CEDF27B23344007075B3 /* Main.storyboard */; };
		9572CEE327B23345007075B3 /* Assets.xcassets in Resources */ = {isa = PBXBuildFile; fileRef = 9572CEE227B23345007075B3 /* Assets.xcassets */; };
		9572CEE627B23345007075B3 /* LaunchScreen.storyboard in Resources */ = {isa = PBXBuildFile; fileRef = 9572CEE427B23345007075B3 /* LaunchScreen.storyboard */; };
		9572CEEE27B238B9007075B3 /* PriceCalculator.swift in Sources */ = {isa = PBXBuildFile; fileRef = 9572CEED27B238B9007075B3 /* PriceCalculator.swift */; };
		9572CEF027B23B60007075B3 /* TaxRateRepository.swift in Sources */ = {isa = PBXBuildFile; fileRef = 9572CEEF27B23B60007075B3 /* TaxRateRepository.swift */; };
/* End PBXBuildFile section */

/* Begin PBXFileReference section */
		9572CED627B23344007075B3 /* IdealKadai12.app */ = {isa = PBXFileReference; explicitFileType = wrapper.application; includeInIndex = 0; path = IdealKadai12.app; sourceTree = BUILT_PRODUCTS_DIR; };
		9572CED927B23344007075B3 /* AppDelegate.swift */ = {isa = PBXFileReference; lastKnownFileType = sourcecode.swift; path = AppDelegate.swift; sourceTree = "<group>"; };
		9572CEDB27B23344007075B3 /* SceneDelegate.swift */ = {isa = PBXFileReference; lastKnownFileType = sourcecode.swift; path = SceneDelegate.swift; sourceTree = "<group>"; };
		9572CEDD27B23344007075B3 /* TaxCalcViewController.swift */ = {isa = PBXFileReference; lastKnownFileType = sourcecode.swift; path = TaxCalcViewController.swift; sourceTree = "<group>"; };
		9572CEE027B23344007075B3 /* Base */ = {isa = PBXFileReference; lastKnownFileType = file.storyboard; name = Base; path = Base.lproj/Main.storyboard; sourceTree = "<group>"; };
		9572CEE227B23345007075B3 /* Assets.xcassets */ = {isa = PBXFileReference; lastKnownFileType = folder.assetcatalog; path = Assets.xcassets; sourceTree = "<group>"; };
		9572CEE527B23345007075B3 /* Base */ = {isa = PBXFileReference; lastKnownFileType = file.storyboard; name = Base; path = Base.lproj/LaunchScreen.storyboard; sourceTree = "<group>"; };
		9572CEE727B23345007075B3 /* Info.plist */ = {isa = PBXFileReference; lastKnownFileType = text.plist.xml; path = Info.plist; sourceTree = "<group>"; };
		9572CEED27B238B9007075B3 /* PriceCalculator.swift */ = {isa = PBXFileReference; lastKnownFileType = sourcecode.swift; path = PriceCalculator.swift; sourceTree = "<group>"; };
		9572CEEF27B23B60007075B3 /* TaxRateRepository.swift */ = {isa = PBXFileReference; lastKnownFileType = sourcecode.swift; path = TaxRateRepository.swift; sourceTree = "<group>"; };
/* End PBXFileReference section */

/* Begin PBXFrameworksBuildPhase section */
		9572CED327B23344007075B3 /* Frameworks */ = {
			isa = PBXFrameworksBuildPhase;
			buildActionMask = 2147483647;
			files = (
			);
			runOnlyForDeploymentPostprocessing = 0;
		};
/* End PBXFrameworksBuildPhase section */

/* Begin PBXGroup section */
		9572CECD27B23344007075B3 = {
			isa = PBXGroup;
			children = (
				9572CED827B23344007075B3 /* IdealKadai12 */,
				9572CED727B23344007075B3 /* Products */,
			);
			sourceTree = "<group>";
		};
		9572CED727B23344007075B3 /* Products */ = {
			isa = PBXGroup;
			children = (
				9572CED627B23344007075B3 /* IdealKadai12.app */,
			);
			name = Products;
			sourceTree = "<group>";
		};
		9572CED827B23344007075B3 /* IdealKadai12 */ = {
			isa = PBXGroup;
			children = (
				9572CED927B23344007075B3 /* AppDelegate.swift */,
				9572CEDB27B23344007075B3 /* SceneDelegate.swift */,
				9572CEDD27B23344007075B3 /* TaxCalcViewController.swift */,
				9572CEEF27B23B60007075B3 /* TaxRateRepository.swift */,
				9572CEED27B238B9007075B3 /* PriceCalculator.swift */,
				9572CEDF27B23344007075B3 /* Main.storyboard */,
				9572CEE227B23345007075B3 /* Assets.xcassets */,
				9572CEE427B23345007075B3 /* LaunchScreen.storyboard */,
				9572CEE727B23345007075B3 /* Info.plist */,
			);
			path = IdealKadai12;
			sourceTree = "<group>";
		};
/* End PBXGroup section */

/* Begin PBXNativeTarget section */
		9572CED527B23344007075B3 /* IdealKadai12 */ = {
			isa = PBXNativeTarget;
			buildConfigurationList = 9572CEEA27B23345007075B3 /* Build configuration list for PBXNativeTarget "IdealKadai12" */;
			buildPhases = (
				9572CED227B23344007075B3 /* Sources */,
				9572CED327B23344007075B3 /* Frameworks */,
				9572CED427B23344007075B3 /* Resources */,
			);
			buildRules = (
			);
			dependencies = (
			);
			name = IdealKadai12;
			productName = IdealKadai12;
			productReference = 9572CED627B23344007075B3 /* IdealKadai12.app */;
			productType = "com.apple.product-type.application";
		};
/* End PBXNativeTarget section */

/* Begin PBXProject section */
		9572CECE27B23344007075B3 /* Project object */ = {
			isa = PBXProject;
			attributes = {
				BuildIndependentTargetsInParallel = 1;
				LastSwiftUpdateCheck = 1320;
				LastUpgradeCheck = 1320;
				TargetAttributes = {
					9572CED527B23344007075B3 = {
						CreatedOnToolsVersion = 13.2.1;
					};
				};
			};
			buildConfigurationList = 9572CED127B23344007075B3 /* Build configuration list for PBXProject "IdealKadai12" */;
			compatibilityVersion = "Xcode 13.0";
			developmentRegion = en;
			hasScannedForEncodings = 0;
			knownRegions = (
				en,
				Base,
			);
			mainGroup = 9572CECD27B23344007075B3;
			productRefGroup = 9572CED727B23344007075B3 /* Products */;
			projectDirPath = "";
			projectRoot = "";
			targets = (
				9572CED527B23344007075B3 /* IdealKadai12 */,
			);
		};
/* End PBXProject section */

/* Begin PBXResourcesBuildPhase section */
		9572CED427B23344007075B3 /* Resources */ = {
			isa = PBXResourcesBuildPhase;
			buildActionMask = 2147483647;
			files = (
				9572CEE627B23345007075B3 /* LaunchScreen.storyboard in Resources */,
				9572CEE327B23345007075B3 /* Assets.xcassets in Resources */,
				9572CEE127B23344007075B3 /* Main.storyboard in Resources */,
			);
			runOnlyForDeploymentPostprocessing = 0;
		};
/* End PBXResourcesBuildPhase section */

/* Begin PBXSourcesBuildPhase section */
		9572CED227B23344007075B3 /* Sources */ = {
			isa = PBXSourcesBuildPhase;
			buildActionMask = 2147483647;
			files = (
				9572CEDE27B23344007075B3 /* TaxCalcViewController.swift in Sources */,
				9572CEDA27B23344007075B3 /* AppDelegate.swift in Sources */,
				9572CEF027B23B60007075B3 /* TaxRateRepository.swift in Sources */,
				9572CEDC27B23344007075B3 /* SceneDelegate.swift in Sources */,
				9572CEEE27B238B9007075B3 /* PriceCalculator.swift in Sources */,
			);
			runOnlyForDeploymentPostprocessing = 0;
		};
/* End PBXSourcesBuildPhase section */

/* Begin PBXVariantGroup section */
		9572CEDF27B23344007075B3 /* Main.storyboard */ = {
			isa = PBXVariantGroup;
			children = (
				9572CEE027B23344007075B3 /* Base */,
			);
			name = Main.storyboard;
			sourceTree = "<group>";
		};
		9572CEE427B23345007075B3 /* LaunchScreen.storyboard */ = {
			isa = PBXVariantGroup;
			children = (
				9572CEE527B23345007075B3 /* Base */,
			);
			name = LaunchScreen.storyboard;
			sourceTree = "<group>";
		};
/* End PBXVariantGroup section */

/* Begin XCBuildConfiguration section */
		9572CEE827B23345007075B3 /* Debug */ = {
			isa = XCBuildConfiguration;
			buildSettings = {
				ALWAYS_SEARCH_USER_PATHS = NO;
				CLANG_ANALYZER_NONNULL = YES;
				CLANG_ANALYZER_NUMBER_OBJECT_CONVERSION = YES_AGGRESSIVE;
				CLANG_CXX_LANGUAGE_STANDARD = "gnu++17";
				CLANG_CXX_LIBRARY = "libc++";
				CLANG_ENABLE_MODULES = YES;
				CLANG_ENABLE_OBJC_ARC = YES;
				CLANG_ENABLE_OBJC_WEAK = YES;
				CLANG_WARN_BLOCK_CAPTURE_AUTORELEASING = YES;
				CLANG_WARN_BOOL_CONVERSION = YES;
				CLANG_WARN_COMMA = YES;
				CLANG_WARN_CONSTANT_CONVERSION = YES;
				CLANG_WARN_DEPRECATED_OBJC_IMPLEMENTATIONS = YES;
				CLANG_WARN_DIRECT_OBJC_ISA_USAGE = YES_ERROR;
				CLANG_WARN_DOCUMENTATION_COMMENTS = YES;
				CLANG_WARN_EMPTY_BODY = YES;
				CLANG_WARN_ENUM_CONVERSION = YES;
				CLANG_WARN_INFINITE_RECURSION = YES;
				CLANG_WARN_INT_CONVERSION = YES;
				CLANG_WARN_NON_LITERAL_NULL_CONVERSION = YES;
				CLANG_WARN_OBJC_IMPLICIT_RETAIN_SELF = YES;
				CLANG_WARN_OBJC_LITERAL_CONVERSION = YES;
				CLANG_WARN_OBJC_ROOT_CLASS = YES_ERROR;
				CLANG_WARN_QUOTED_INCLUDE_IN_FRAMEWORK_HEADER = YES;
				CLANG_WARN_RANGE_LOOP_ANALYSIS = YES;
				CLANG_WARN_STRICT_PROTOTYPES = YES;
				CLANG_WARN_SUSPICIOUS_MOVE = YES;
				CLANG_WARN_UNGUARDED_AVAILABILITY = YES_AGGRESSIVE;
				CLANG_WARN_UNREACHABLE_CODE = YES;
				CLANG_WARN__DUPLICATE_METHOD_MATCH = YES;
				COPY_PHASE_STRIP = NO;
				DEBUG_INFORMATION_FORMAT = dwarf;
				ENABLE_STRICT_OBJC_MSGSEND = YES;
				ENABLE_TESTABILITY = YES;
				GCC_C_LANGUAGE_STANDARD = gnu11;
				GCC_DYNAMIC_NO_PIC = NO;
				GCC_NO_COMMON_BLOCKS = YES;
				GCC_OPTIMIZATION_LEVEL = 0;
				GCC_PREPROCESSOR_DEFINITIONS = (
					"DEBUG=1",
					"$(inherited)",
				);
				GCC_WARN_64_TO_32_BIT_CONVERSION = YES;
				GCC_WARN_ABOUT_RETURN_TYPE = YES_ERROR;
				GCC_WARN_UNDECLARED_SELECTOR = YES;
				GCC_WARN_UNINITIALIZED_AUTOS = YES_AGGRESSIVE;
				GCC_WARN_UNUSED_FUNCTION = YES;
				GCC_WARN_UNUSED_VARIABLE = YES;
				IPHONEOS_DEPLOYMENT_TARGET = 15.2;
				MTL_ENABLE_DEBUG_INFO = INCLUDE_SOURCE;
				MTL_FAST_MATH = YES;
				ONLY_ACTIVE_ARCH = YES;
				SDKROOT = iphoneos;
				SWIFT_ACTIVE_COMPILATION_CONDITIONS = DEBUG;
				SWIFT_OPTIMIZATION_LEVEL = "-Onone";
			};
			name = Debug;
		};
		9572CEE927B23345007075B3 /* Release */ = {
			isa = XCBuildConfiguration;
			buildSettings = {
				ALWAYS_SEARCH_USER_PATHS = NO;
				CLANG_ANALYZER_NONNULL = YES;
				CLANG_ANALYZER_NUMBER_OBJECT_CONVERSION = YES_AGGRESSIVE;
				CLANG_CXX_LANGUAGE_STANDARD = "gnu++17";
				CLANG_CXX_LIBRARY = "libc++";
				CLANG_ENABLE_MODULES = YES;
				CLANG_ENABLE_OBJC_ARC = YES;
				CLANG_ENABLE_OBJC_WEAK = YES;
				CLANG_WARN_BLOCK_CAPTURE_AUTORELEASING = YES;
				CLANG_WARN_BOOL_CONVERSION = YES;
				CLANG_WARN_COMMA = YES;
				CLANG_WARN_CONSTANT_CONVERSION = YES;
				CLANG_WARN_DEPRECATED_OBJC_IMPLEMENTATIONS = YES;
				CLANG_WARN_DIRECT_OBJC_ISA_USAGE = YES_ERROR;
				CLANG_WARN_DOCUMENTATION_COMMENTS = YES;
				CLANG_WARN_EMPTY_BODY = YES;
				CLANG_WARN_ENUM_CONVERSION = YES;
				CLANG_WARN_INFINITE_RECURSION = YES;
				CLANG_WARN_INT_CONVERSION = YES;
				CLANG_WARN_NON_LITERAL_NULL_CONVERSION = YES;
				CLANG_WARN_OBJC_IMPLICIT_RETAIN_SELF = YES;
				CLANG_WARN_OBJC_LITERAL_CONVERSION = YES;
				CLANG_WARN_OBJC_ROOT_CLASS = YES_ERROR;
				CLANG_WARN_QUOTED_INCLUDE_IN_FRAMEWORK_HEADER = YES;
				CLANG_WARN_RANGE_LOOP_ANALYSIS = YES;
				CLANG_WARN_STRICT_PROTOTYPES = YES;
				CLANG_WARN_SUSPICIOUS_MOVE = YES;
				CLANG_WARN_UNGUARDED_AVAILABILITY = YES_AGGRESSIVE;
				CLANG_WARN_UNREACHABLE_CODE = YES;
				CLANG_WARN__DUPLICATE_METHOD_MATCH = YES;
				COPY_PHASE_STRIP = NO;
				DEBUG_INFORMATION_FORMAT = "dwarf-with-dsym";
				ENABLE_NS_ASSERTIONS = NO;
				ENABLE_STRICT_OBJC_MSGSEND = YES;
				GCC_C_LANGUAGE_STANDARD = gnu11;
				GCC_NO_COMMON_BLOCKS = YES;
				GCC_WARN_64_TO_32_BIT_CONVERSION = YES;
				GCC_WARN_ABOUT_RETURN_TYPE = YES_ERROR;
				GCC_WARN_UNDECLARED_SELECTOR = YES;
				GCC_WARN_UNINITIALIZED_AUTOS = YES_AGGRESSIVE;
				GCC_WARN_UNUSED_FUNCTION = YES;
				GCC_WARN_UNUSED_VARIABLE = YES;
				IPHONEOS_DEPLOYMENT_TARGET = 15.2;
				MTL_ENABLE_DEBUG_INFO = NO;
				MTL_FAST_MATH = YES;
				SDKROOT = iphoneos;
				SWIFT_COMPILATION_MODE = wholemodule;
				SWIFT_OPTIMIZATION_LEVEL = "-O";
				VALIDATE_PRODUCT = YES;
			};
			name = Release;
		};
		9572CEEB27B23345007075B3 /* Debug */ = {
			isa = XCBuildConfiguration;
			buildSettings = {
				ASSETCATALOG_COMPILER_APPICON_NAME = AppIcon;
				ASSETCATALOG_COMPILER_GLOBAL_ACCENT_COLOR_NAME = AccentColor;
				CODE_SIGN_STYLE = Automatic;
				CURRENT_PROJECT_VERSION = 1;
				DEVELOPMENT_TEAM = 6KP4Y76JP4;
				GENERATE_INFOPLIST_FILE = YES;
				INFOPLIST_FILE = IdealKadai12/Info.plist;
				INFOPLIST_KEY_UIApplicationSupportsIndirectInputEvents = YES;
				INFOPLIST_KEY_UILaunchStoryboardName = LaunchScreen;
				INFOPLIST_KEY_UIMainStoryboardFile = Main;
				INFOPLIST_KEY_UISupportedInterfaceOrientations_iPad = "UIInterfaceOrientationPortrait UIInterfaceOrientationPortraitUpsideDown UIInterfaceOrientationLandscapeLeft UIInterfaceOrientationLandscapeRight";
				INFOPLIST_KEY_UISupportedInterfaceOrientations_iPhone = "UIInterfaceOrientationPortrait UIInterfaceOrientationLandscapeLeft UIInterfaceOrientationLandscapeRight";
				LD_RUNPATH_SEARCH_PATHS = (
					"$(inherited)",
					"@executable_path/Frameworks",
				);
				MARKETING_VERSION = 1.0;
				PRODUCT_BUNDLE_IDENTIFIER = com.ShoutaNakano.IdealKadai12;
				PRODUCT_NAME = "$(TARGET_NAME)";
				SWIFT_EMIT_LOC_STRINGS = YES;
				SWIFT_VERSION = 5.0;
				TARGETED_DEVICE_FAMILY = "1,2";
			};
			name = Debug;
		};
		9572CEEC27B23345007075B3 /* Release */ = {
			isa = XCBuildConfiguration;
			buildSettings = {
				ASSETCATALOG_COMPILER_APPICON_NAME = AppIcon;
				ASSETCATALOG_COMPILER_GLOBAL_ACCENT_COLOR_NAME = AccentColor;
				CODE_SIGN_STYLE = Automatic;
				CURRENT_PROJECT_VERSION = 1;
				DEVELOPMENT_TEAM = 6KP4Y76JP4;
				GENERATE_INFOPLIST_FILE = YES;
				INFOPLIST_FILE = IdealKadai12/Info.plist;
				INFOPLIST_KEY_UIApplicationSupportsIndirectInputEvents = YES;
				INFOPLIST_KEY_UILaunchStoryboardName = LaunchScreen;
				INFOPLIST_KEY_UIMainStoryboardFile = Main;
				INFOPLIST_KEY_UISupportedInterfaceOrientations_iPad = "UIInterfaceOrientationPortrait UIInterfaceOrientationPortraitUpsideDown UIInterfaceOrientationLandscapeLeft UIInterfaceOrientationLandscapeRight";
				INFOPLIST_KEY_UISupportedInterfaceOrientations_iPhone = "UIInterfaceOrientationPortrait UIInterfaceOrientationLandscapeLeft UIInterfaceOrientationLandscapeRight";
				LD_RUNPATH_SEARCH_PATHS = (
					"$(inherited)",
					"@executable_path/Frameworks",
				);
				MARKETING_VERSION = 1.0;
				PRODUCT_BUNDLE_IDENTIFIER = com.ShoutaNakano.IdealKadai12;
				PRODUCT_NAME = "$(TARGET_NAME)";
				SWIFT_EMIT_LOC_STRINGS = YES;
				SWIFT_VERSION = 5.0;
				TARGETED_DEVICE_FAMILY = "1,2";
			};
			name = Release;
		};
/* End XCBuildConfiguration section */

/* Begin XCConfigurationList section */
		9572CED127B23344007075B3 /* Build configuration list for PBXProject "IdealKadai12" */ = {
			isa = XCConfigurationList;
			buildConfigurations = (
				9572CEE827B23345007075B3 /* Debug */,
				9572CEE927B23345007075B3 /* Release */,
			);
			defaultConfigurationIsVisible = 0;
			defaultConfigurationName = Release;
		};
		9572CEEA27B23345007075B3 /* Build configuration list for PBXNativeTarget "IdealKadai12" */ = {
			isa = XCConfigurationList;
			buildConfigurations = (
				9572CEEB27B23345007075B3 /* Debug */,
				9572CEEC27B23345007075B3 /* Release */,
			);
			defaultConfigurationIsVisible = 0;
			defaultConfigurationName = Release;
		};
/* End XCConfigurationList section */
	};
	rootObject = 9572CECE27B23344007075B3 /* Project object */;
}
